
Microsoft Visual Studio Solution File, Format Version 12.00
# Visual Studio Version 17
VisualStudioVersion = 17.3.32929.385
MinimumVisualStudioVersion = 10.0.40219.1
Project("{9A19103F-16F7-4668-BE54-9A1E7A4F7556}") = "SimpleOrderApp.WebApi", "src\SimpleOrderApp.WebApi\SimpleOrderApp.WebApi.csproj", "{40C2ABB8-915D-4CAE-A42C-EF6F5B56280C}"
EndProject
Project("{9A19103F-16F7-4668-BE54-9A1E7A4F7556}") = "SimpleOrderApp.Domain", "src\SimpleOrderApp.Domain\SimpleOrderApp.Domain.csproj", "{15A47216-AB67-4835-AAF1-D469EA96E3AB}"
EndProject
Project("{9A19103F-16F7-4668-BE54-9A1E7A4F7556}") = "SimpleOrderApp.Application", "src\SimpleOrderApp.Application\SimpleOrderApp.Application.csproj", "{0C7FE1F1-6EE6-42C8-98D7-BCE1D5AA2589}"
EndProject
Project("{9A19103F-16F7-4668-BE54-9A1E7A4F7556}") = "SimpleOrderApp.Common", "src\SimpleOrderApp.Common\SimpleOrderApp.Common.csproj", "{062B422B-3582-4ABC-A691-C337826E3F08}"
EndProject
Project("{9A19103F-16F7-4668-BE54-9A1E7A4F7556}") = "SimpleOrderApp.Infrastructure", "src\SimpleOrderApp.Infrastructure\SimpleOrderApp.Infrastructure.csproj", "{A81A8FE5-22F6-48DD-A348-EF8B7E9620E7}"
EndProject
Project("{9A19103F-16F7-4668-BE54-9A1E7A4F7556}") = "SimpleOrderApp.WebApi.Tests", "src\SimpleOrderApp.WebApi.Tests\SimpleOrderApp.WebApi.Tests.csproj", "{ADDCB5B5-BEC4-4AA3-9BAE-BEC80BCDEA1F}"
EndProject
Global
	GlobalSection(SolutionConfigurationPlatforms) = preSolution
		Debug|Any CPU = Debug|Any CPU
		Release|Any CPU = Release|Any CPU
	EndGlobalSection
	GlobalSection(ProjectConfigurationPlatforms) = postSolution
		{40C2ABB8-915D-4CAE-A42C-EF6F5B56280C}.Debug|Any CPU.ActiveCfg = Debug|Any CPU
		{40C2ABB8-915D-4CAE-A42C-EF6F5B56280C}.Debug|Any CPU.Build.0 = Debug|Any CPU
		{40C2ABB8-915D-4CAE-A42C-EF6F5B56280C}.Release|Any CPU.ActiveCfg = Release|Any CPU
		{40C2ABB8-915D-4CAE-A42C-EF6F5B56280C}.Release|Any CPU.Build.0 = Release|Any CPU
		{15A47216-AB67-4835-AAF1-D469EA96E3AB}.Debug|Any CPU.ActiveCfg = Debug|Any CPU
		{15A47216-AB67-4835-AAF1-D469EA96E3AB}.Debug|Any CPU.Build.0 = Debug|Any CPU
		{15A47216-AB67-4835-AAF1-D469EA96E3AB}.Release|Any CPU.ActiveCfg = Release|Any CPU
		{15A47216-AB67-4835-AAF1-D469EA96E3AB}.Release|Any CPU.Build.0 = Release|Any CPU
		{0C7FE1F1-6EE6-42C8-98D7-BCE1D5AA2589}.Debug|Any CPU.ActiveCfg = Debug|Any CPU
		{0C7FE1F1-6EE6-42C8-98D7-BCE1D5AA2589}.Debug|Any CPU.Build.0 = Debug|Any CPU
		{0C7FE1F1-6EE6-42C8-98D7-BCE1D5AA2589}.Release|Any CPU.ActiveCfg = Release|Any CPU
		{0C7FE1F1-6EE6-42C8-98D7-BCE1D5AA2589}.Release|Any CPU.Build.0 = Release|Any CPU
		{062B422B-3582-4ABC-A691-C337826E3F08}.Debug|Any CPU.ActiveCfg = Debug|Any CPU
		{062B422B-3582-4ABC-A691-C337826E3F08}.Debug|Any CPU.Build.0 = Debug|Any CPU
		{062B422B-3582-4ABC-A691-C337826E3F08}.Release|Any CPU.ActiveCfg = Release|Any CPU
		{062B422B-3582-4ABC-A691-C337826E3F08}.Release|Any CPU.Build.0 = Release|Any CPU
		{A81A8FE5-22F6-48DD-A348-EF8B7E9620E7}.Debug|Any CPU.ActiveCfg = Debug|Any CPU
		{A81A8FE5-22F6-48DD-A348-EF8B7E9620E7}.Debug|Any CPU.Build.0 = Debug|Any CPU
		{A81A8FE5-22F6-48DD-A348-EF8B7E9620E7}.Release|Any CPU.ActiveCfg = Release|Any CPU
		{A81A8FE5-22F6-48DD-A348-EF8B7E9620E7}.Release|Any CPU.Build.0 = Release|Any CPU
		{ADDCB5B5-BEC4-4AA3-9BAE-BEC80BCDEA1F}.Debug|Any CPU.ActiveCfg = Debug|Any CPU
		{ADDCB5B5-BEC4-4AA3-9BAE-BEC80BCDEA1F}.Debug|Any CPU.Build.0 = Debug|Any CPU
		{ADDCB5B5-BEC4-4AA3-9BAE-BEC80BCDEA1F}.Release|Any CPU.ActiveCfg = Release|Any CPU
		{ADDCB5B5-BEC4-4AA3-9BAE-BEC80BCDEA1F}.Release|Any CPU.Build.0 = Release|Any CPU
	EndGlobalSection
	GlobalSection(SolutionProperties) = preSolution
		HideSolutionNode = FALSE
	EndGlobalSection
	GlobalSection(ExtensibilityGlobals) = postSolution
		SolutionGuid = {1DAAF200-B66F-40C8-A934-0A3C3E0AB52A}
	EndGlobalSection
EndGlobal
